
Microsoft Visual Studio Solution File, Format Version 12.00
# Visual Studio Version 17
VisualStudioVersion = 17.9.34902.65
MinimumVisualStudioVersion = 10.0.40219.1
Project("{FAE04EC0-301F-11D3-BF4B-00C04F79EFBC}") = "TheBrain.Etls", "TheBrain.Etls.csproj", "{A0AD0F46-8F5D-4BCE-A2F4-3071921705BE}"
EndProject
Global
	GlobalSection(SolutionConfigurationPlatforms) = preSolution
		Debug|Any CPU = Debug|Any CPU
		Release|Any CPU = Release|Any CPU
	EndGlobalSection
	GlobalSection(ProjectConfigurationPlatforms) = postSolution
		{A0AD0F46-8F5D-4BCE-A2F4-3071921705BE}.Debug|Any CPU.ActiveCfg = Debug|Any CPU
		{A0AD0F46-8F5D-4BCE-A2F4-3071921705BE}.Debug|Any CPU.Build.0 = Debug|Any CPU
		{A0AD0F46-8F5D-4BCE-A2F4-3071921705BE}.Release|Any CPU.ActiveCfg = Release|Any CPU
		{A0AD0F46-8F5D-4BCE-A2F4-3071921705BE}.Release|Any CPU.Build.0 = Release|Any CPU
	EndGlobalSection
	GlobalSection(SolutionProperties) = preSolution
		HideSolutionNode = FALSE
	EndGlobalSection
	GlobalSection(ExtensibilityGlobals) = postSolution
		SolutionGuid = {89F59DBF-FCDD-4DB6-AE30-3A2CE589DF7D}
	EndGlobalSection
EndGlobal
